
Microsoft Visual Studio Solution File, Format Version 12.00
# Visual Studio Version 17
VisualStudioVersion = 17.0.31903.59
MinimumVisualStudioVersion = 10.0.40219.1
Project("{2150E333-8FDC-42A3-9474-1A3956D46DE8}") = "src", "src", "{21D8899E-BABE-4791-80C0-DD8F79B22F33}"
EndProject
Project("{FAE04EC0-301F-11D3-BF4B-00C04F79EFBC}") = "RHL.Tasks.Web", "src\RHL.Tasks.Web\RHL.Tasks.Web.csproj", "{6062B496-2262-4395-9040-C7028A22D2D4}"
EndProject
Project("{FAE04EC0-301F-11D3-BF4B-00C04F79EFBC}") = "RHL.Tasks.Application", "src\RHL.Tasks.Application\RHL.Tasks.Application.csproj", "{5126522B-1EA2-479F-AAA6-BF54721F5FBF}"
EndProject
Global
	GlobalSection(SolutionConfigurationPlatforms) = preSolution
		Debug|Any CPU = Debug|Any CPU
		Release|Any CPU = Release|Any CPU
	EndGlobalSection
	GlobalSection(SolutionProperties) = preSolution
		HideSolutionNode = FALSE
	EndGlobalSection
	GlobalSection(ProjectConfigurationPlatforms) = postSolution
		{6062B496-2262-4395-9040-C7028A22D2D4}.Debug|Any CPU.ActiveCfg = Debug|Any CPU
		{6062B496-2262-4395-9040-C7028A22D2D4}.Debug|Any CPU.Build.0 = Debug|Any CPU
		{6062B496-2262-4395-9040-C7028A22D2D4}.Release|Any CPU.ActiveCfg = Release|Any CPU
		{6062B496-2262-4395-9040-C7028A22D2D4}.Release|Any CPU.Build.0 = Release|Any CPU
		{5126522B-1EA2-479F-AAA6-BF54721F5FBF}.Debug|Any CPU.ActiveCfg = Debug|Any CPU
		{5126522B-1EA2-479F-AAA6-BF54721F5FBF}.Debug|Any CPU.Build.0 = Debug|Any CPU
		{5126522B-1EA2-479F-AAA6-BF54721F5FBF}.Release|Any CPU.ActiveCfg = Release|Any CPU
		{5126522B-1EA2-479F-AAA6-BF54721F5FBF}.Release|Any CPU.Build.0 = Release|Any CPU
	EndGlobalSection
	GlobalSection(NestedProjects) = preSolution
		{6062B496-2262-4395-9040-C7028A22D2D4} = {21D8899E-BABE-4791-80C0-DD8F79B22F33}
		{5126522B-1EA2-479F-AAA6-BF54721F5FBF} = {21D8899E-BABE-4791-80C0-DD8F79B22F33}
	EndGlobalSection
EndGlobal
